
Microsoft Visual Studio Solution File, Format Version 12.00
# Visual Studio Version 17
VisualStudioVersion = 17.2.32519.379
MinimumVisualStudioVersion = 10.0.40219.1
Project("{FAE04EC0-301F-11D3-BF4B-00C04F79EFBC}") = "AutomobileLibrary", "AutomobileLibrary\AutomobileLibrary.csproj", "{84ADE60F-C735-43B4-924C-63AA4E875135}"
EndProject
Project("{FAE04EC0-301F-11D3-BF4B-00C04F79EFBC}") = "AutomobileWinApp", "AutomobileWinApp\AutomobileWinApp.csproj", "{90F70E67-A59F-485D-A555-9B08A4BB81A5}"
EndProject
Global
	GlobalSection(SolutionConfigurationPlatforms) = preSolution
		Debug|Any CPU = Debug|Any CPU
		Release|Any CPU = Release|Any CPU
	EndGlobalSection
	GlobalSection(ProjectConfigurationPlatforms) = postSolution
		{84ADE60F-C735-43B4-924C-63AA4E875135}.Debug|Any CPU.ActiveCfg = Debug|Any CPU
		{84ADE60F-C735-43B4-924C-63AA4E875135}.Debug|Any CPU.Build.0 = Debug|Any CPU
		{84ADE60F-C735-43B4-924C-63AA4E875135}.Release|Any CPU.ActiveCfg = Release|Any CPU
		{84ADE60F-C735-43B4-924C-63AA4E875135}.Release|Any CPU.Build.0 = Release|Any CPU
		{90F70E67-A59F-485D-A555-9B08A4BB81A5}.Debug|Any CPU.ActiveCfg = Debug|Any CPU
		{90F70E67-A59F-485D-A555-9B08A4BB81A5}.Debug|Any CPU.Build.0 = Debug|Any CPU
		{90F70E67-A59F-485D-A555-9B08A4BB81A5}.Release|Any CPU.ActiveCfg = Release|Any CPU
		{90F70E67-A59F-485D-A555-9B08A4BB81A5}.Release|Any CPU.Build.0 = Release|Any CPU
	EndGlobalSection
	GlobalSection(SolutionProperties) = preSolution
		HideSolutionNode = FALSE
	EndGlobalSection
	GlobalSection(ExtensibilityGlobals) = postSolution
		SolutionGuid = {570491E9-7609-4410-98EE-30B5CFFC98C7}
	EndGlobalSection
EndGlobal
